
Microsoft Visual Studio Solution File, Format Version 12.00
# Visual Studio Version 16
VisualStudioVersion = 16.0.28714.193
MinimumVisualStudioVersion = 10.0.40219.1
Project("{8BC9CEB8-8B4A-11D0-8D11-00A0C91BC942}") = "leechcore", "leechcore\leechcore.vcxproj", "{3476ABD2-5DEA-43E6-A676-8BE25F74535A}"
EndProject
Project("{8BC9CEB8-8B4A-11D0-8D11-00A0C91BC942}") = "leechcorepyc", "leechcorepyc\leechcorepyc.vcxproj", "{5692BE5E-8D7C-40C1-A4F9-7387DBEB8088}"
	ProjectSection(ProjectDependencies) = postProject
		{3476ABD2-5DEA-43E6-A676-8BE25F74535A} = {3476ABD2-5DEA-43E6-A676-8BE25F74535A}
	EndProjectSection
EndProject
Project("{8BC9CEB8-8B4A-11D0-8D11-00A0C91BC942}") = "leechagent", "leechagent\leechagent.vcxproj", "{931BE9A5-0C7A-4D2F-8E37-7E3010A9979F}"
	ProjectSection(ProjectDependencies) = postProject
		{3476ABD2-5DEA-43E6-A676-8BE25F74535A} = {3476ABD2-5DEA-43E6-A676-8BE25F74535A}
	EndProjectSection
EndProject
Global
	GlobalSection(SolutionConfigurationPlatforms) = preSolution
		Debug|x64 = Debug|x64
		Debug|x86 = Debug|x86
		Release|x64 = Release|x64
		Release|x86 = Release|x86
	EndGlobalSection
	GlobalSection(ProjectConfigurationPlatforms) = postSolution
		{3476ABD2-5DEA-43E6-A676-8BE25F74535A}.Debug|x64.ActiveCfg = Debug|x64
		{3476ABD2-5DEA-43E6-A676-8BE25F74535A}.Debug|x64.Build.0 = Debug|x64
		{3476ABD2-5DEA-43E6-A676-8BE25F74535A}.Debug|x86.ActiveCfg = Debug|Win32
		{3476ABD2-5DEA-43E6-A676-8BE25F74535A}.Debug|x86.Build.0 = Debug|Win32
		{3476ABD2-5DEA-43E6-A676-8BE25F74535A}.Release|x64.ActiveCfg = Release|x64
		{3476ABD2-5DEA-43E6-A676-8BE25F74535A}.Release|x64.Build.0 = Release|x64
		{3476ABD2-5DEA-43E6-A676-8BE25F74535A}.Release|x86.ActiveCfg = Release|Win32
		{3476ABD2-5DEA-43E6-A676-8BE25F74535A}.Release|x86.Build.0 = Release|Win32
		{5692BE5E-8D7C-40C1-A4F9-7387DBEB8088}.Debug|x64.ActiveCfg = Debug|x64
		{5692BE5E-8D7C-40C1-A4F9-7387DBEB8088}.Debug|x64.Build.0 = Debug|x64
		{5692BE5E-8D7C-40C1-A4F9-7387DBEB8088}.Debug|x86.ActiveCfg = Debug|x64
		{5692BE5E-8D7C-40C1-A4F9-7387DBEB8088}.Release|x64.ActiveCfg = Release|x64
		{5692BE5E-8D7C-40C1-A4F9-7387DBEB8088}.Release|x64.Build.0 = Release|x64
		{5692BE5E-8D7C-40C1-A4F9-7387DBEB8088}.Release|x86.ActiveCfg = Release|x64
		{931BE9A5-0C7A-4D2F-8E37-7E3010A9979F}.Debug|x64.ActiveCfg = Debug|x64
		{931BE9A5-0C7A-4D2F-8E37-7E3010A9979F}.Debug|x64.Build.0 = Debug|x64
		{931BE9A5-0C7A-4D2F-8E37-7E3010A9979F}.Debug|x86.ActiveCfg = Debug|Win32
		{931BE9A5-0C7A-4D2F-8E37-7E3010A9979F}.Debug|x86.Build.0 = Debug|Win32
		{931BE9A5-0C7A-4D2F-8E37-7E3010A9979F}.Release|x64.ActiveCfg = Release|x64
		{931BE9A5-0C7A-4D2F-8E37-7E3010A9979F}.Release|x64.Build.0 = Release|x64
		{931BE9A5-0C7A-4D2F-8E37-7E3010A9979F}.Release|x86.ActiveCfg = Release|Win32
		{931BE9A5-0C7A-4D2F-8E37-7E3010A9979F}.Release|x86.Build.0 = Release|Win32
	EndGlobalSection
	GlobalSection(SolutionProperties) = preSolution
		HideSolutionNode = FALSE
	EndGlobalSection
	GlobalSection(ExtensibilityGlobals) = postSolution
		SolutionGuid = {C56A097C-48F0-4688-BCF6-6B94DDE5C3B9}
	EndGlobalSection
EndGlobal
